
Microsoft Visual Studio Solution File, Format Version 12.00
# Visual Studio Version 17
VisualStudioVersion = 17.0.32014.148
MinimumVisualStudioVersion = 10.0.40219.1
Project("{9092AA53-FB77-4645-B42D-1CCCA6BD08BD}") = "NodeWebApp", "NodeWebApp.njsproj", "{D1441CF9-8600-49E5-BE0D-E370DD6991FC}"
EndProject
Global
	GlobalSection(SolutionConfigurationPlatforms) = preSolution
		Debug|Any CPU = Debug|Any CPU
		Release|Any CPU = Release|Any CPU
	EndGlobalSection
	GlobalSection(ProjectConfigurationPlatforms) = postSolution
		{D1441CF9-8600-49E5-BE0D-E370DD6991FC}.Debug|Any CPU.ActiveCfg = Debug|Any CPU
		{D1441CF9-8600-49E5-BE0D-E370DD6991FC}.Debug|Any CPU.Build.0 = Debug|Any CPU
		{D1441CF9-8600-49E5-BE0D-E370DD6991FC}.Release|Any CPU.ActiveCfg = Release|Any CPU
		{D1441CF9-8600-49E5-BE0D-E370DD6991FC}.Release|Any CPU.Build.0 = Release|Any CPU
	EndGlobalSection
	GlobalSection(SolutionProperties) = preSolution
		HideSolutionNode = FALSE
	EndGlobalSection
	GlobalSection(ExtensibilityGlobals) = postSolution
		SolutionGuid = {A7C03D87-D469-4209-B5A7-3784FCC2AF6C}
	EndGlobalSection
EndGlobal
